{
  "name": "@axolot/server",
  "version": "1.0.0",
  "lockfileVersion": 3,
  "requires": true,
  "packages": {
    "": {
      "name": "@axolot/server",
      "version": "1.0.0",
      "license": "ISC",
      "dependencies": {
        "p2": "^0.7.1",
        "typedfastbitset": "^0.4.2"
      },
      "devDependencies": {
        "@types/node": "^20.10.4",
        "@types/p2": "^0.7.44",
        "typescript": "^5.3.3"
      }
    },
    "node_modules/@types/node": {
      "version": "20.10.5",
      "resolved": "https://registry.npmjs.org/@types/node/-/node-20.10.5.tgz",
      "integrity": "sha512-nNPsNE65wjMxEKI93yOP+NPGGBJz/PoN3kZsVLee0XMiJolxSekEVD8wRwBUBqkwc7UWop0edW50yrCQW4CyRw==",
      "dev": true,
      "dependencies": {
        "undici-types": "~5.26.4"
      }
    },
    "node_modules/@types/p2": {
      "version": "0.7.44",
      "resolved": "https://registry.npmjs.org/@types/p2/-/p2-0.7.44.tgz",
      "integrity": "sha512-EIgtRscxlzwoZmr1/vpyxTb5FVZTe6vJpD4ONciLzmd4M2mfnh8yiz845J0ZIQYdo9+N4NxXAXm6Wk8IhYNqXA==",
      "dev": true
    },
    "node_modules/p2": {
      "version": "0.7.1",
      "resolved": "https://registry.npmjs.org/p2/-/p2-0.7.1.tgz",
      "integrity": "sha512-wJxG87tHPlAO1iwGettkiU4ptoytQDoJSeP+PV8aZVT//ZHlD2H2uMtIPnQG8MXAaGR9OI1o1pqBV1g/fpNgNw==",
      "dependencies": {
        "poly-decomp": "0.1.1"
      },
      "engines": {
        "node": "*"
      }
    },
    "node_modules/poly-decomp": {
      "version": "0.1.1",
      "resolved": "https://registry.npmjs.org/poly-decomp/-/poly-decomp-0.1.1.tgz",
      "integrity": "sha512-clSDtuC48FR2PL2z/+VIRhfnxC7776GlJgDNAh1ZIqYOiaGqrINB+xGIWQypLgpz6Z/Ht/w7rTFEGFRNuSPOuA==",
      "engines": {
        "node": "*"
      }
    },
    "node_modules/typedfastbitset": {
      "version": "0.4.2",
      "resolved": "https://registry.npmjs.org/typedfastbitset/-/typedfastbitset-0.4.2.tgz",
      "integrity": "sha512-R+n0vz96Fmcz8lRnjKmoFVe6Q3ST1R79WtxubWdsR3RszA9ZmyMbPqhmAZGznACga+W0mFncQqpWHYR+isWgZA=="
    },
    "node_modules/typescript": {
      "version": "5.3.3",
      "resolved": "https://registry.npmjs.org/typescript/-/typescript-5.3.3.tgz",
      "integrity": "sha512-pXWcraxM0uxAS+tN0AG/BF2TyqmHO014Z070UsJ+pFvYuRSq8KH8DmWpnbXe0pEPDHXZV3FcAbJkijJ5oNEnWw==",
      "dev": true,
      "bin": {
        "tsc": "bin/tsc",
        "tsserver": "bin/tsserver"
      },
      "engines": {
        "node": ">=14.17"
      }
    },
    "node_modules/undici-types": {
      "version": "5.26.5",
      "resolved": "https://registry.npmjs.org/undici-types/-/undici-types-5.26.5.tgz",
      "integrity": "sha512-JlCMO+ehdEIKqlFxk6IfVoAUVmgz7cU7zD/h9XZ0qzeosSHmUJVOzSQvvYSYWXkFXC+IfLKSIffhv0sVZup6pA==",
      "dev": true
    }
  }
}
